{
  "name": "@amuzcorp/nexia-dev-client",
  "version": "0.1.0-alpha.0",
  "lockfileVersion": 3,
  "requires": true,
  "packages": {
    "": {
      "name": "@amuzcorp/nexia-dev-client",
      "version": "0.1.0-alpha.0",
      "license": "UNLICENSED",
      "dependencies": {
        "@amuzcorp/nexia-dev-protocol": "0.1.0-alpha.0"
      },
      "engines": {
        "node": ">=22"
      }
    },
    "node_modules/@amuzcorp/nexia-dev-protocol": {
      "version": "0.1.0-alpha.0",
      "resolved": "file:../tmp/package-verification/amuzcorp-nexia-dev-protocol-0.1.0-alpha.0.tgz",
      "integrity": "sha512-uIq/qTRs7AC6SX5IKZ8Z4ZtMejClLzms30SO0cClWyufnLorEEtAOqWUMs7UQgv6C1euHozcWDqysUh6VSxPow==",
      "license": "UNLICENSED",
      "engines": {
        "node": ">=22"
      }
    }
  }
}
