{
  "name": "@amuzcorp/nexia-dev-client",
  "version": "0.1.0-alpha.1",
  "lockfileVersion": 3,
  "requires": true,
  "packages": {
    "": {
      "name": "@amuzcorp/nexia-dev-client",
      "version": "0.1.0-alpha.1",
      "license": "UNLICENSED",
      "dependencies": {
        "@amuzcorp/nexia-dev-protocol": "0.1.0-alpha.1"
      },
      "engines": {
        "node": ">=22"
      }
    },
    "node_modules/@amuzcorp/nexia-dev-protocol": {
      "version": "0.1.0-alpha.1",
      "resolved": "https://registry.npmjs.org/@amuzcorp/nexia-dev-protocol/-/nexia-dev-protocol-0.1.0-alpha.1.tgz",
      "integrity": "sha512-U6MAZVgWIDv9FmQ9JFsYFsicM3JTbZ+WPBn/zPDziSywl9OfSgfm8bDGf6BlnMMD+L72Ck77T0GfIAvZRgszgg==",
      "license": "UNLICENSED",
      "engines": {
        "node": ">=22"
      }
    }
  }
}
