{
  "name": "@nexia/dev-client",
  "version": "0.1.0-alpha.1",
  "lockfileVersion": 3,
  "requires": true,
  "packages": {
    "": {
      "name": "@nexia/dev-client",
      "version": "0.1.0-alpha.1",
      "license": "UNLICENSED",
      "dependencies": {
        "@nexia/dev-protocol": "0.1.0-alpha.1"
      },
      "engines": {
        "node": ">=22"
      }
    },
    "node_modules/@nexia/dev-protocol": {
      "version": "0.1.0-alpha.1",
      "resolved": "https://registry.npmjs.org/@nexia/dev-protocol/-/dev-protocol-0.1.0-alpha.1.tgz",
      "integrity": "sha512-eG91gROA1mxZaN0Jd/F/bBnPwSuwpyjZwXt/RfIpiKVz7eHCp2T6NO9tXbr4VEorWDtzgoNqZhB7zMXV3irQ+A==",
      "license": "UNLICENSED",
      "engines": {
        "node": ">=22"
      }
    }
  }
}
